// !$*UTF8*$!
{
	archiveVersion = 1;
	classes = {
	};
	objectVersion = 46;
	objects = {

/* Begin PBXBuildFile section */
		94250A3C203A026C004B5D39 /* AppDelegate.swift in Sources */ = {isa = PBXBuildFile; fileRef = 94250A3B203A026C004B5D39 /* AppDelegate.swift */; };
		94250A3E203A026C004B5D39 /* ViewController.swift in Sources */ = {isa = PBXBuildFile; fileRef = 94250A3D203A026C004B5D39 /* ViewController.swift */; };
		94250A41203A026C004B5D39 /* Main.storyboard in Resources */ = {isa = PBXBuildFile; fileRef = 94250A3F203A026C004B5D39 /* Main.storyboard */; };
		94250A43203A026C004B5D39 /* Assets.xcassets in Resources */ = {isa = PBXBuildFile; fileRef = 94250A42203A026C004B5D39 /* Assets.xcassets */; };
		94250A46203A026C004B5D39 /* LaunchScreen.storyboard in Resources */ = {isa = PBXBuildFile; fileRef = 94250A44203A026C004B5D39 /* LaunchScreen.storyboard */; };
		94250A51203A026C004B5D39 /* Textris_3_0Tests.swift in Sources */ = {isa = PBXBuildFile; fileRef = 94250A50203A026C004B5D39 /* Textris_3_0Tests.swift */; };
		94250A5C203A026C004B5D39 /* Textris_3_0UITests.swift in Sources */ = {isa = PBXBuildFile; fileRef = 94250A5B203A026C004B5D39 /* Textris_3_0UITests.swift */; };
		9443C4B0208CE79300870D9E /* textris intro 2.m4a in Resources */ = {isa = PBXBuildFile; fileRef = 9443C4AF208CE79300870D9E /* textris intro 2.m4a */; };
		9443C4B8208CFCAD00870D9E /* textris game music 3.m4a in Resources */ = {isa = PBXBuildFile; fileRef = 9443C4B7208CFCAD00870D9E /* textris game music 3.m4a */; };
		9443C4BC208D043500870D9E /* textris made word.m4a in Resources */ = {isa = PBXBuildFile; fileRef = 9443C4BB208D043500870D9E /* textris made word.m4a */; };
		9443C4BE208D066700870D9E /* textris end of game.m4a in Resources */ = {isa = PBXBuildFile; fileRef = 9443C4BD208D066600870D9E /* textris end of game.m4a */; };
		94BC122E208EA03100E32E46 /* textris 20 seconds.m4a in Resources */ = {isa = PBXBuildFile; fileRef = 94BC122D208EA03100E32E46 /* textris 20 seconds.m4a */; };
		94F5E88B2073107B00971BF5 /* GameKit.framework in Frameworks */ = {isa = PBXBuildFile; fileRef = 94F5E88A2073107B00971BF5 /* GameKit.framework */; };
/* End PBXBuildFile section */

/* Begin PBXContainerItemProxy section */
		94250A4D203A026C004B5D39 /* PBXContainerItemProxy */ = {
			isa = PBXContainerItemProxy;
			containerPortal = 94250A30203A026C004B5D39 /* Project object */;
			proxyType = 1;
			remoteGlobalIDString = 94250A37203A026C004B5D39;
			remoteInfo = "Textris 3.0";
		};
		94250A58203A026C004B5D39 /* PBXContainerItemProxy */ = {
			isa = PBXContainerItemProxy;
			containerPortal = 94250A30203A026C004B5D39 /* Project object */;
			proxyType = 1;
			remoteGlobalIDString = 94250A37203A026C004B5D39;
			remoteInfo = "Textris 3.0";
		};
/* End PBXContainerItemProxy section */

/* Begin PBXFileReference section */
		94250A38203A026C004B5D39 /* Textris 3.0.app */ = {isa = PBXFileReference; explicitFileType = wrapper.application; includeInIndex = 0; path = "Textris 3.0.app"; sourceTree = BUILT_PRODUCTS_DIR; };
		94250A3B203A026C004B5D39 /* AppDelegate.swift */ = {isa = PBXFileReference; lastKnownFileType = sourcecode.swift; path = AppDelegate.swift; sourceTree = "<group>"; };
		94250A3D203A026C004B5D39 /* ViewController.swift */ = {isa = PBXFileReference; lastKnownFileType = sourcecode.swift; path = ViewController.swift; sourceTree = "<group>"; };
		94250A40203A026C004B5D39 /* Base */ = {isa = PBXFileReference; lastKnownFileType = file.storyboard; name = Base; path = Base.lproj/Main.storyboard; sourceTree = "<group>"; };
		94250A42203A026C004B5D39 /* Assets.xcassets */ = {isa = PBXFileReference; lastKnownFileType = folder.assetcatalog; path = Assets.xcassets; sourceTree = "<group>"; };
		94250A45203A026C004B5D39 /* Base */ = {isa = PBXFileReference; lastKnownFileType = file.storyboard; name = Base; path = Base.lproj/LaunchScreen.storyboard; sourceTree = "<group>"; };
		94250A47203A026C004B5D39 /* Info.plist */ = {isa = PBXFileReference; lastKnownFileType = text.plist.xml; path = Info.plist; sourceTree = "<group>"; };
		94250A4C203A026C004B5D39 /* Textris 3.0Tests.xctest */ = {isa = PBXFileReference; explicitFileType = wrapper.cfbundle; includeInIndex = 0; path = "Textris 3.0Tests.xctest"; sourceTree = BUILT_PRODUCTS_DIR; };
		94250A50203A026C004B5D39 /* Textris_3_0Tests.swift */ = {isa = PBXFileReference; lastKnownFileType = sourcecode.swift; path = Textris_3_0Tests.swift; sourceTree = "<group>"; };
		94250A52203A026C004B5D39 /* Info.plist */ = {isa = PBXFileReference; lastKnownFileType = text.plist.xml; path = Info.plist; sourceTree = "<group>"; };
		94250A57203A026C004B5D39 /* Textris 3.0UITests.xctest */ = {isa = PBXFileReference; explicitFileType = wrapper.cfbundle; includeInIndex = 0; path = "Textris 3.0UITests.xctest"; sourceTree = BUILT_PRODUCTS_DIR; };
		94250A5B203A026C004B5D39 /* Textris_3_0UITests.swift */ = {isa = PBXFileReference; lastKnownFileType = sourcecode.swift; path = Textris_3_0UITests.swift; sourceTree = "<group>"; };
		94250A5D203A026C004B5D39 /* Info.plist */ = {isa = PBXFileReference; lastKnownFileType = text.plist.xml; path = Info.plist; sourceTree = "<group>"; };
		9443C4AF208CE79300870D9E /* textris intro 2.m4a */ = {isa = PBXFileReference; lastKnownFileType = file; path = "textris intro 2.m4a"; sourceTree = "<group>"; };
		9443C4B7208CFCAD00870D9E /* textris game music 3.m4a */ = {isa = PBXFileReference; lastKnownFileType = file; path = "textris game music 3.m4a"; sourceTree = "<group>"; };
		9443C4BB208D043500870D9E /* textris made word.m4a */ = {isa = PBXFileReference; lastKnownFileType = file; path = "textris made word.m4a"; sourceTree = "<group>"; };
		9443C4BD208D066600870D9E /* textris end of game.m4a */ = {isa = PBXFileReference; lastKnownFileType = file; path = "textris end of game.m4a"; sourceTree = "<group>"; };
		94BC122D208EA03100E32E46 /* textris 20 seconds.m4a */ = {isa = PBXFileReference; lastKnownFileType = file; path = "textris 20 seconds.m4a"; sourceTree = "<group>"; };
		94F5E88A2073107B00971BF5 /* GameKit.framework */ = {isa = PBXFileReference; lastKnownFileType = wrapper.framework; name = GameKit.framework; path = System/Library/Frameworks/GameKit.framework; sourceTree = SDKROOT; };
/* End PBXFileReference section */

/* Begin PBXFrameworksBuildPhase section */
		94250A35203A026C004B5D39 /* Frameworks */ = {
			isa = PBXFrameworksBuildPhase;
			buildActionMask = 2147483647;
			files = (
				94F5E88B2073107B00971BF5 /* GameKit.framework in Frameworks */,
			);
			runOnlyForDeploymentPostprocessing = 0;
		};
		94250A49203A026C004B5D39 /* Frameworks */ = {
			isa = PBXFrameworksBuildPhase;
			buildActionMask = 2147483647;
			files = (
			);
			runOnlyForDeploymentPostprocessing = 0;
		};
		94250A54203A026C004B5D39 /* Frameworks */ = {
			isa = PBXFrameworksBuildPhase;
			buildActionMask = 2147483647;
			files = (
			);
			runOnlyForDeploymentPostprocessing = 0;
		};
/* End PBXFrameworksBuildPhase section */

/* Begin PBXGroup section */
		94250A2F203A026C004B5D39 = {
			isa = PBXGroup;
			children = (
				94BC122D208EA03100E32E46 /* textris 20 seconds.m4a */,
				9443C4BD208D066600870D9E /* textris end of game.m4a */,
				9443C4BB208D043500870D9E /* textris made word.m4a */,
				9443C4B7208CFCAD00870D9E /* textris game music 3.m4a */,
				9443C4AF208CE79300870D9E /* textris intro 2.m4a */,
				94F5E88A2073107B00971BF5 /* GameKit.framework */,
				94250A3A203A026C004B5D39 /* Textris 3.0 */,
				94250A4F203A026C004B5D39 /* Textris 3.0Tests */,
				94250A5A203A026C004B5D39 /* Textris 3.0UITests */,
				94250A39203A026C004B5D39 /* Products */,
			);
			sourceTree = "<group>";
		};
		94250A39203A026C004B5D39 /* Products */ = {
			isa = PBXGroup;
			children = (
				94250A38203A026C004B5D39 /* Textris 3.0.app */,
				94250A4C203A026C004B5D39 /* Textris 3.0Tests.xctest */,
				94250A57203A026C004B5D39 /* Textris 3.0UITests.xctest */,
			);
			name = Products;
			sourceTree = "<group>";
		};
		94250A3A203A026C004B5D39 /* Textris 3.0 */ = {
			isa = PBXGroup;
			children = (
				94250A3B203A026C004B5D39 /* AppDelegate.swift */,
				94250A3D203A026C004B5D39 /* ViewController.swift */,
				94250A3F203A026C004B5D39 /* Main.storyboard */,
				94250A42203A026C004B5D39 /* Assets.xcassets */,
				94250A44203A026C004B5D39 /* LaunchScreen.storyboard */,
				94250A47203A026C004B5D39 /* Info.plist */,
			);
			path = "Textris 3.0";
			sourceTree = "<group>";
		};
		94250A4F203A026C004B5D39 /* Textris 3.0Tests */ = {
			isa = PBXGroup;
			children = (
				94250A50203A026C004B5D39 /* Textris_3_0Tests.swift */,
				94250A52203A026C004B5D39 /* Info.plist */,
			);
			path = "Textris 3.0Tests";
			sourceTree = "<group>";
		};
		94250A5A203A026C004B5D39 /* Textris 3.0UITests */ = {
			isa = PBXGroup;
			children = (
				94250A5B203A026C004B5D39 /* Textris_3_0UITests.swift */,
				94250A5D203A026C004B5D39 /* Info.plist */,
			);
			path = "Textris 3.0UITests";
			sourceTree = "<group>";
		};
/* End PBXGroup section */

/* Begin PBXNativeTarget section */
		94250A37203A026C004B5D39 /* Textris 3.0 */ = {
			isa = PBXNativeTarget;
			buildConfigurationList = 94250A60203A026C004B5D39 /* Build configuration list for PBXNativeTarget "Textris 3.0" */;
			buildPhases = (
				94250A34203A026C004B5D39 /* Sources */,
				94250A35203A026C004B5D39 /* Frameworks */,
				94250A36203A026C004B5D39 /* Resources */,
			);
			buildRules = (
			);
			dependencies = (
			);
			name = "Textris 3.0";
			productName = "Textris 3.0";
			productReference = 94250A38203A026C004B5D39 /* Textris 3.0.app */;
			productType = "com.apple.product-type.application";
		};
		94250A4B203A026C004B5D39 /* Textris 3.0Tests */ = {
			isa = PBXNativeTarget;
			buildConfigurationList = 94250A63203A026C004B5D39 /* Build configuration list for PBXNativeTarget "Textris 3.0Tests" */;
			buildPhases = (
				94250A48203A026C004B5D39 /* Sources */,
				94250A49203A026C004B5D39 /* Frameworks */,
				94250A4A203A026C004B5D39 /* Resources */,
			);
			buildRules = (
			);
			dependencies = (
				94250A4E203A026C004B5D39 /* PBXTargetDependency */,
			);
			name = "Textris 3.0Tests";
			productName = "Textris 3.0Tests";
			productReference = 94250A4C203A026C004B5D39 /* Textris 3.0Tests.xctest */;
			productType = "com.apple.product-type.bundle.unit-test";
		};
		94250A56203A026C004B5D39 /* Textris 3.0UITests */ = {
			isa = PBXNativeTarget;
			buildConfigurationList = 94250A66203A026C004B5D39 /* Build configuration list for PBXNativeTarget "Textris 3.0UITests" */;
			buildPhases = (
				94250A53203A026C004B5D39 /* Sources */,
				94250A54203A026C004B5D39 /* Frameworks */,
				94250A55203A026C004B5D39 /* Resources */,
			);
			buildRules = (
			);
			dependencies = (
				94250A59203A026C004B5D39 /* PBXTargetDependency */,
			);
			name = "Textris 3.0UITests";
			productName = "Textris 3.0UITests";
			productReference = 94250A57203A026C004B5D39 /* Textris 3.0UITests.xctest */;
			productType = "com.apple.product-type.bundle.ui-testing";
		};
/* End PBXNativeTarget section */

/* Begin PBXProject section */
		94250A30203A026C004B5D39 /* Project object */ = {
			isa = PBXProject;
			attributes = {
				LastSwiftUpdateCheck = 0730;
				LastUpgradeCheck = 0730;
				ORGANIZATIONNAME = Sethco;
				TargetAttributes = {
					94250A37203A026C004B5D39 = {
						CreatedOnToolsVersion = 7.3.1;
						DevelopmentTeam = L3ALXAV73V;
						LastSwiftMigration = 0930;
						ProvisioningStyle = Automatic;
						SystemCapabilities = {
							com.apple.GameCenter = {
								enabled = 1;
							};
						};
					};
					94250A4B203A026C004B5D39 = {
						CreatedOnToolsVersion = 7.3.1;
						TestTargetID = 94250A37203A026C004B5D39;
					};
					94250A56203A026C004B5D39 = {
						CreatedOnToolsVersion = 7.3.1;
						TestTargetID = 94250A37203A026C004B5D39;
					};
				};
			};
			buildConfigurationList = 94250A33203A026C004B5D39 /* Build configuration list for PBXProject "Textris 3.0" */;
			compatibilityVersion = "Xcode 3.2";
			developmentRegion = English;
			hasScannedForEncodings = 0;
			knownRegions = (
				en,
				Base,
			);
			mainGroup = 94250A2F203A026C004B5D39;
			productRefGroup = 94250A39203A026C004B5D39 /* Products */;
			projectDirPath = "";
			projectRoot = "";
			targets = (
				94250A37203A026C004B5D39 /* Textris 3.0 */,
				94250A4B203A026C004B5D39 /* Textris 3.0Tests */,
				94250A56203A026C004B5D39 /* Textris 3.0UITests */,
			);
		};
/* End PBXProject section */

/* Begin PBXResourcesBuildPhase section */
		94250A36203A026C004B5D39 /* Resources */ = {
			isa = PBXResourcesBuildPhase;
			buildActionMask = 2147483647;
			files = (
				9443C4B0208CE79300870D9E /* textris intro 2.m4a in Resources */,
				9443C4BE208D066700870D9E /* textris end of game.m4a in Resources */,
				94BC122E208EA03100E32E46 /* textris 20 seconds.m4a in Resources */,
				9443C4BC208D043500870D9E /* textris made word.m4a in Resources */,
				94250A46203A026C004B5D39 /* LaunchScreen.storyboard in Resources */,
				94250A43203A026C004B5D39 /* Assets.xcassets in Resources */,
				94250A41203A026C004B5D39 /* Main.storyboard in Resources */,
				9443C4B8208CFCAD00870D9E /* textris game music 3.m4a in Resources */,
			);
			runOnlyForDeploymentPostprocessing = 0;
		};
		94250A4A203A026C004B5D39 /* Resources */ = {
			isa = PBXResourcesBuildPhase;
			buildActionMask = 2147483647;
			files = (
			);
			runOnlyForDeploymentPostprocessing = 0;
		};
		94250A55203A026C004B5D39 /* Resources */ = {
			isa = PBXResourcesBuildPhase;
			buildActionMask = 2147483647;
			files = (
			);
			runOnlyForDeploymentPostprocessing = 0;
		};
/* End PBXResourcesBuildPhase section */

/* Begin PBXSourcesBuildPhase section */
		94250A34203A026C004B5D39 /* Sources */ = {
			isa = PBXSourcesBuildPhase;
			buildActionMask = 2147483647;
			files = (
				94250A3E203A026C004B5D39 /* ViewController.swift in Sources */,
				94250A3C203A026C004B5D39 /* AppDelegate.swift in Sources */,
			);
			runOnlyForDeploymentPostprocessing = 0;
		};
		94250A48203A026C004B5D39 /* Sources */ = {
			isa = PBXSourcesBuildPhase;
			buildActionMask = 2147483647;
			files = (
				94250A51203A026C004B5D39 /* Textris_3_0Tests.swift in Sources */,
			);
			runOnlyForDeploymentPostprocessing = 0;
		};
		94250A53203A026C004B5D39 /* Sources */ = {
			isa = PBXSourcesBuildPhase;
			buildActionMask = 2147483647;
			files = (
				94250A5C203A026C004B5D39 /* Textris_3_0UITests.swift in Sources */,
			);
			runOnlyForDeploymentPostprocessing = 0;
		};
/* End PBXSourcesBuildPhase section */

/* Begin PBXTargetDependency section */
		94250A4E203A026C004B5D39 /* PBXTargetDependency */ = {
			isa = PBXTargetDependency;
			target = 94250A37203A026C004B5D39 /* Textris 3.0 */;
			targetProxy = 94250A4D203A026C004B5D39 /* PBXContainerItemProxy */;
		};
		94250A59203A026C004B5D39 /* PBXTargetDependency */ = {
			isa = PBXTargetDependency;
			target = 94250A37203A026C004B5D39 /* Textris 3.0 */;
			targetProxy = 94250A58203A026C004B5D39 /* PBXContainerItemProxy */;
		};
/* End PBXTargetDependency section */

/* Begin PBXVariantGroup section */
		94250A3F203A026C004B5D39 /* Main.storyboard */ = {
			isa = PBXVariantGroup;
			children = (
				94250A40203A026C004B5D39 /* Base */,
			);
			name = Main.storyboard;
			sourceTree = "<group>";
		};
		94250A44203A026C004B5D39 /* LaunchScreen.storyboard */ = {
			isa = PBXVariantGroup;
			children = (
				94250A45203A026C004B5D39 /* Base */,
			);
			name = LaunchScreen.storyboard;
			sourceTree = "<group>";
		};
/* End PBXVariantGroup section */

/* Begin XCBuildConfiguration section */
		94250A5E203A026C004B5D39 /* Debug */ = {
			isa = XCBuildConfiguration;
			buildSettings = {
				ALWAYS_SEARCH_USER_PATHS = NO;
				CLANG_ANALYZER_NONNULL = YES;
				CLANG_CXX_LANGUAGE_STANDARD = "gnu++0x";
				CLANG_CXX_LIBRARY = "libc++";
				CLANG_ENABLE_MODULES = YES;
				CLANG_ENABLE_OBJC_ARC = YES;
				CLANG_WARN_BOOL_CONVERSION = YES;
				CLANG_WARN_CONSTANT_CONVERSION = YES;
				CLANG_WARN_DIRECT_OBJC_ISA_USAGE = YES_ERROR;
				CLANG_WARN_EMPTY_BODY = YES;
				CLANG_WARN_ENUM_CONVERSION = YES;
				CLANG_WARN_INT_CONVERSION = YES;
				CLANG_WARN_OBJC_ROOT_CLASS = YES_ERROR;
				CLANG_WARN_UNREACHABLE_CODE = YES;
				CLANG_WARN__DUPLICATE_METHOD_MATCH = YES;
				"CODE_SIGN_IDENTITY[sdk=iphoneos*]" = "iPhone Developer";
				COPY_PHASE_STRIP = NO;
				DEBUG_INFORMATION_FORMAT = dwarf;
				ENABLE_STRICT_OBJC_MSGSEND = YES;
				ENABLE_TESTABILITY = YES;
				GCC_C_LANGUAGE_STANDARD = gnu99;
				GCC_DYNAMIC_NO_PIC = NO;
				GCC_NO_COMMON_BLOCKS = YES;
				GCC_OPTIMIZATION_LEVEL = 0;
				GCC_PREPROCESSOR_DEFINITIONS = (
					"DEBUG=1",
					"$(inherited)",
				);
				GCC_WARN_64_TO_32_BIT_CONVERSION = YES;
				GCC_WARN_ABOUT_RETURN_TYPE = YES_ERROR;
				GCC_WARN_UNDECLARED_SELECTOR = YES;
				GCC_WARN_UNINITIALIZED_AUTOS = YES_AGGRESSIVE;
				GCC_WARN_UNUSED_FUNCTION = YES;
				GCC_WARN_UNUSED_VARIABLE = YES;
				IPHONEOS_DEPLOYMENT_TARGET = 9.3;
				MTL_ENABLE_DEBUG_INFO = YES;
				ONLY_ACTIVE_ARCH = YES;
				SDKROOT = iphoneos;
				SWIFT_OPTIMIZATION_LEVEL = "-Onone";
				TARGETED_DEVICE_FAMILY = "1,2";
			};
			name = Debug;
		};
		94250A5F203A026C004B5D39 /* Release */ = {
			isa = XCBuildConfiguration;
			buildSettings = {
				ALWAYS_SEARCH_USER_PATHS = NO;
				CLANG_ANALYZER_NONNULL = YES;
				CLANG_CXX_LANGUAGE_STANDARD = "gnu++0x";
				CLANG_CXX_LIBRARY = "libc++";
				CLANG_ENABLE_MODULES = YES;
				CLANG_ENABLE_OBJC_ARC = YES;
				CLANG_WARN_BOOL_CONVERSION = YES;
				CLANG_WARN_CONSTANT_CONVERSION = YES;
				CLANG_WARN_DIRECT_OBJC_ISA_USAGE = YES_ERROR;
				CLANG_WARN_EMPTY_BODY = YES;
				CLANG_WARN_ENUM_CONVERSION = YES;
				CLANG_WARN_INT_CONVERSION = YES;
				CLANG_WARN_OBJC_ROOT_CLASS = YES_ERROR;
				CLANG_WARN_UNREACHABLE_CODE = YES;
				CLANG_WARN__DUPLICATE_METHOD_MATCH = YES;
				"CODE_SIGN_IDENTITY[sdk=iphoneos*]" = "iPhone Developer";
				COPY_PHASE_STRIP = NO;
				DEBUG_INFORMATION_FORMAT = "dwarf-with-dsym";
				ENABLE_NS_ASSERTIONS = NO;
				ENABLE_STRICT_OBJC_MSGSEND = YES;
				GCC_C_LANGUAGE_STANDARD = gnu99;
				GCC_NO_COMMON_BLOCKS = YES;
				GCC_WARN_64_TO_32_BIT_CONVERSION = YES;
				GCC_WARN_ABOUT_RETURN_TYPE = YES_ERROR;
				GCC_WARN_UNDECLARED_SELECTOR = YES;
				GCC_WARN_UNINITIALIZED_AUTOS = YES_AGGRESSIVE;
				GCC_WARN_UNUSED_FUNCTION = YES;
				GCC_WARN_UNUSED_VARIABLE = YES;
				IPHONEOS_DEPLOYMENT_TARGET = 9.3;
				MTL_ENABLE_DEBUG_INFO = NO;
				SDKROOT = iphoneos;
				TARGETED_DEVICE_FAMILY = "1,2";
				VALIDATE_PRODUCT = YES;
			};
			name = Release;
		};
		94250A61203A026C004B5D39 /* Debug */ = {
			isa = XCBuildConfiguration;
			buildSettings = {
				ASSETCATALOG_COMPILER_APPICON_NAME = AppIcon;
				CODE_SIGN_IDENTITY = "iPhone Developer";
				CODE_SIGN_STYLE = Automatic;
				DEVELOPMENT_TEAM = L3ALXAV73V;
				INFOPLIST_FILE = "Textris 3.0/Info.plist";
				LD_RUNPATH_SEARCH_PATHS = "$(inherited) @executable_path/Frameworks";
				PRODUCT_BUNDLE_IDENTIFIER = "SethcoRavi-Seth.Textris-3-0";
				PRODUCT_NAME = "$(TARGET_NAME)";
				PROVISIONING_PROFILE_SPECIFIER = "";
				SDKROOT = iphoneos11.3;
				SWIFT_SWIFT3_OBJC_INFERENCE = On;
				SWIFT_VERSION = 4.0;
			};
			name = Debug;
		};
		94250A62203A026C004B5D39 /* Release */ = {
			isa = XCBuildConfiguration;
			buildSettings = {
				ASSETCATALOG_COMPILER_APPICON_NAME = AppIcon;
				CODE_SIGN_IDENTITY = "iPhone Developer";
				CODE_SIGN_STYLE = Automatic;
				DEVELOPMENT_TEAM = L3ALXAV73V;
				INFOPLIST_FILE = "Textris 3.0/Info.plist";
				LD_RUNPATH_SEARCH_PATHS = "$(inherited) @executable_path/Frameworks";
				PRODUCT_BUNDLE_IDENTIFIER = "SethcoRavi-Seth.Textris-3-0";
				PRODUCT_NAME = "$(TARGET_NAME)";
				PROVISIONING_PROFILE_SPECIFIER = "";
				SDKROOT = iphoneos11.3;
				SWIFT_SWIFT3_OBJC_INFERENCE = On;
				SWIFT_VERSION = 4.0;
			};
			name = Release;
		};
		94250A64203A026C004B5D39 /* Debug */ = {
			isa = XCBuildConfiguration;
			buildSettings = {
				BUNDLE_LOADER = "$(TEST_HOST)";
				INFOPLIST_FILE = "Textris 3.0Tests/Info.plist";
				LD_RUNPATH_SEARCH_PATHS = "$(inherited) @executable_path/Frameworks @loader_path/Frameworks";
				PRODUCT_BUNDLE_IDENTIFIER = "SethcoRavi-Seth.Textris-3-0Tests";
				PRODUCT_NAME = "$(TARGET_NAME)";
				TEST_HOST = "$(BUILT_PRODUCTS_DIR)/Textris 3.0.app/Textris 3.0";
			};
			name = Debug;
		};
		94250A65203A026C004B5D39 /* Release */ = {
			isa = XCBuildConfiguration;
			buildSettings = {
				BUNDLE_LOADER = "$(TEST_HOST)";
				INFOPLIST_FILE = "Textris 3.0Tests/Info.plist";
				LD_RUNPATH_SEARCH_PATHS = "$(inherited) @executable_path/Frameworks @loader_path/Frameworks";
				PRODUCT_BUNDLE_IDENTIFIER = "SethcoRavi-Seth.Textris-3-0Tests";
				PRODUCT_NAME = "$(TARGET_NAME)";
				TEST_HOST = "$(BUILT_PRODUCTS_DIR)/Textris 3.0.app/Textris 3.0";
			};
			name = Release;
		};
		94250A67203A026C004B5D39 /* Debug */ = {
			isa = XCBuildConfiguration;
			buildSettings = {
				INFOPLIST_FILE = "Textris 3.0UITests/Info.plist";
				LD_RUNPATH_SEARCH_PATHS = "$(inherited) @executable_path/Frameworks @loader_path/Frameworks";
				PRODUCT_BUNDLE_IDENTIFIER = "SethcoRavi-Seth.Textris-3-0UITests";
				PRODUCT_NAME = "$(TARGET_NAME)";
				TEST_TARGET_NAME = "Textris 3.0";
			};
			name = Debug;
		};
		94250A68203A026C004B5D39 /* Release */ = {
			isa = XCBuildConfiguration;
			buildSettings = {
				INFOPLIST_FILE = "Textris 3.0UITests/Info.plist";
				LD_RUNPATH_SEARCH_PATHS = "$(inherited) @executable_path/Frameworks @loader_path/Frameworks";
				PRODUCT_BUNDLE_IDENTIFIER = "SethcoRavi-Seth.Textris-3-0UITests";
				PRODUCT_NAME = "$(TARGET_NAME)";
				TEST_TARGET_NAME = "Textris 3.0";
			};
			name = Release;
		};
/* End XCBuildConfiguration section */

/* Begin XCConfigurationList section */
		94250A33203A026C004B5D39 /* Build configuration list for PBXProject "Textris 3.0" */ = {
			isa = XCConfigurationList;
			buildConfigurations = (
				94250A5E203A026C004B5D39 /* Debug */,
				94250A5F203A026C004B5D39 /* Release */,
			);
			defaultConfigurationIsVisible = 0;
			defaultConfigurationName = Release;
		};
		94250A60203A026C004B5D39 /* Build configuration list for PBXNativeTarget "Textris 3.0" */ = {
			isa = XCConfigurationList;
			buildConfigurations = (
				94250A61203A026C004B5D39 /* Debug */,
				94250A62203A026C004B5D39 /* Release */,
			);
			defaultConfigurationIsVisible = 0;
			defaultConfigurationName = Release;
		};
		94250A63203A026C004B5D39 /* Build configuration list for PBXNativeTarget "Textris 3.0Tests" */ = {
			isa = XCConfigurationList;
			buildConfigurations = (
				94250A64203A026C004B5D39 /* Debug */,
				94250A65203A026C004B5D39 /* Release */,
			);
			defaultConfigurationIsVisible = 0;
			defaultConfigurationName = Release;
		};
		94250A66203A026C004B5D39 /* Build configuration list for PBXNativeTarget "Textris 3.0UITests" */ = {
			isa = XCConfigurationList;
			buildConfigurations = (
				94250A67203A026C004B5D39 /* Debug */,
				94250A68203A026C004B5D39 /* Release */,
			);
			defaultConfigurationIsVisible = 0;
			defaultConfigurationName = Release;
		};
/* End XCConfigurationList section */
	};
	rootObject = 94250A30203A026C004B5D39 /* Project object */;
}
